
Microsoft Visual Studio Solution File, Format Version 12.00
# Visual Studio Version 16
VisualStudioVersion = 16.0.32428.217
MinimumVisualStudioVersion = 10.0.40219.1
Project("{9A19103F-16F7-4668-BE54-9A1E7A4F7556}") = "AstroDailyLast", "AstroDailyLast\AstroDailyLast.csproj", "{43017AA9-64E1-4FAB-961E-55C88BE90834}"
EndProject
Project("{FAE04EC0-301F-11D3-BF4B-00C04F79EFBC}") = "FirebaseAuthenticationDemo", "FirebaseAuthenticationDemo\FirebaseAuthenticationDemo.csproj", "{C87F6AC5-88C0-490C-9B06-337138C8C53E}"
EndProject
Global
	GlobalSection(SolutionConfigurationPlatforms) = preSolution
		Debug|Any CPU = Debug|Any CPU
		Release|Any CPU = Release|Any CPU
	EndGlobalSection
	GlobalSection(ProjectConfigurationPlatforms) = postSolution
		{43017AA9-64E1-4FAB-961E-55C88BE90834}.Debug|Any CPU.ActiveCfg = Debug|Any CPU
		{43017AA9-64E1-4FAB-961E-55C88BE90834}.Debug|Any CPU.Build.0 = Debug|Any CPU
		{43017AA9-64E1-4FAB-961E-55C88BE90834}.Release|Any CPU.ActiveCfg = Release|Any CPU
		{43017AA9-64E1-4FAB-961E-55C88BE90834}.Release|Any CPU.Build.0 = Release|Any CPU
		{C87F6AC5-88C0-490C-9B06-337138C8C53E}.Debug|Any CPU.ActiveCfg = Debug|Any CPU
		{C87F6AC5-88C0-490C-9B06-337138C8C53E}.Debug|Any CPU.Build.0 = Debug|Any CPU
		{C87F6AC5-88C0-490C-9B06-337138C8C53E}.Release|Any CPU.ActiveCfg = Release|Any CPU
		{C87F6AC5-88C0-490C-9B06-337138C8C53E}.Release|Any CPU.Build.0 = Release|Any CPU
	EndGlobalSection
	GlobalSection(SolutionProperties) = preSolution
		HideSolutionNode = FALSE
	EndGlobalSection
	GlobalSection(ExtensibilityGlobals) = postSolution
		SolutionGuid = {E695A2C1-63F9-40DF-9113-F3D95BB39A0C}
	EndGlobalSection
EndGlobal
